
Microsoft Visual Studio Solution File, Format Version 12.00
# Visual Studio Version 16
VisualStudioVersion = 16.0.31129.286
MinimumVisualStudioVersion = 10.0.40219.1
Project("{9A19103F-16F7-4668-BE54-9A1E7A4F7556}") = "Domain", "Domain\Domain.csproj", "{2DCEBB33-5099-44A4-999F-268E507B212B}"
EndProject
Project("{9A19103F-16F7-4668-BE54-9A1E7A4F7556}") = "Application", "Application\Application.csproj", "{FCFAE807-7CC6-4471-80E3-CCA816706206}"
EndProject
Project("{9A19103F-16F7-4668-BE54-9A1E7A4F7556}") = "Persistence", "Persistence\Persistence.csproj", "{7E151B33-2ECB-4E01-A017-492186816FCE}"
EndProject
Project("{9A19103F-16F7-4668-BE54-9A1E7A4F7556}") = "Infrastructure", "Infrastructure\Infrastructure.csproj", "{0ED209D4-E1DA-443B-930C-B5E3B01C2D09}"
EndProject
Project("{9A19103F-16F7-4668-BE54-9A1E7A4F7556}") = "SecondApi", "SecondApi\SecondApi.csproj", "{05F62479-8EB7-4B81-B37D-BDE645001497}"
EndProject
Project("{E24C65DC-7377-472B-9ABA-BC803B73C61A}") = "client-app", "client-app\", "{899ABC49-2198-46CF-A94E-A638FB2BCF85}"
	ProjectSection(WebsiteProperties) = preProject
		TargetFrameworkMoniker = ".NETFramework,Version%3Dv4.0"
		Debug.AspNetCompiler.VirtualPath = "/localhost_7467"
		Debug.AspNetCompiler.PhysicalPath = "client-app\"
		Debug.AspNetCompiler.TargetPath = "PrecompiledWeb\localhost_7467\"
		Debug.AspNetCompiler.Updateable = "true"
		Debug.AspNetCompiler.ForceOverwrite = "true"
		Debug.AspNetCompiler.FixedNames = "false"
		Debug.AspNetCompiler.Debug = "True"
		Release.AspNetCompiler.VirtualPath = "/localhost_7467"
		Release.AspNetCompiler.PhysicalPath = "client-app\"
		Release.AspNetCompiler.TargetPath = "PrecompiledWeb\localhost_7467\"
		Release.AspNetCompiler.Updateable = "true"
		Release.AspNetCompiler.ForceOverwrite = "true"
		Release.AspNetCompiler.FixedNames = "false"
		Release.AspNetCompiler.Debug = "False"
		VWDPort = "7467"
		SlnRelativePath = "client-app\"
	EndProjectSection
EndProject
Global
	GlobalSection(SolutionConfigurationPlatforms) = preSolution
		Debug|Any CPU = Debug|Any CPU
		Release|Any CPU = Release|Any CPU
	EndGlobalSection
	GlobalSection(ProjectConfigurationPlatforms) = postSolution
		{2DCEBB33-5099-44A4-999F-268E507B212B}.Debug|Any CPU.ActiveCfg = Debug|Any CPU
		{2DCEBB33-5099-44A4-999F-268E507B212B}.Debug|Any CPU.Build.0 = Debug|Any CPU
		{2DCEBB33-5099-44A4-999F-268E507B212B}.Release|Any CPU.ActiveCfg = Release|Any CPU
		{2DCEBB33-5099-44A4-999F-268E507B212B}.Release|Any CPU.Build.0 = Release|Any CPU
		{FCFAE807-7CC6-4471-80E3-CCA816706206}.Debug|Any CPU.ActiveCfg = Debug|Any CPU
		{FCFAE807-7CC6-4471-80E3-CCA816706206}.Debug|Any CPU.Build.0 = Debug|Any CPU
		{FCFAE807-7CC6-4471-80E3-CCA816706206}.Release|Any CPU.ActiveCfg = Release|Any CPU
		{FCFAE807-7CC6-4471-80E3-CCA816706206}.Release|Any CPU.Build.0 = Release|Any CPU
		{7E151B33-2ECB-4E01-A017-492186816FCE}.Debug|Any CPU.ActiveCfg = Debug|Any CPU
		{7E151B33-2ECB-4E01-A017-492186816FCE}.Debug|Any CPU.Build.0 = Debug|Any CPU
		{7E151B33-2ECB-4E01-A017-492186816FCE}.Release|Any CPU.ActiveCfg = Release|Any CPU
		{7E151B33-2ECB-4E01-A017-492186816FCE}.Release|Any CPU.Build.0 = Release|Any CPU
		{0ED209D4-E1DA-443B-930C-B5E3B01C2D09}.Debug|Any CPU.ActiveCfg = Debug|Any CPU
		{0ED209D4-E1DA-443B-930C-B5E3B01C2D09}.Debug|Any CPU.Build.0 = Debug|Any CPU
		{0ED209D4-E1DA-443B-930C-B5E3B01C2D09}.Release|Any CPU.ActiveCfg = Release|Any CPU
		{0ED209D4-E1DA-443B-930C-B5E3B01C2D09}.Release|Any CPU.Build.0 = Release|Any CPU
		{05F62479-8EB7-4B81-B37D-BDE645001497}.Debug|Any CPU.ActiveCfg = Debug|Any CPU
		{05F62479-8EB7-4B81-B37D-BDE645001497}.Debug|Any CPU.Build.0 = Debug|Any CPU
		{05F62479-8EB7-4B81-B37D-BDE645001497}.Release|Any CPU.ActiveCfg = Release|Any CPU
		{05F62479-8EB7-4B81-B37D-BDE645001497}.Release|Any CPU.Build.0 = Release|Any CPU
		{899ABC49-2198-46CF-A94E-A638FB2BCF85}.Debug|Any CPU.ActiveCfg = Debug|Any CPU
		{899ABC49-2198-46CF-A94E-A638FB2BCF85}.Release|Any CPU.ActiveCfg = Debug|Any CPU
		{899ABC49-2198-46CF-A94E-A638FB2BCF85}.Release|Any CPU.Build.0 = Debug|Any CPU
	EndGlobalSection
	GlobalSection(SolutionProperties) = preSolution
		HideSolutionNode = FALSE
	EndGlobalSection
	GlobalSection(ExtensibilityGlobals) = postSolution
		SolutionGuid = {C5B3EFCF-D8EB-454D-88CA-F957D935B7FB}
	EndGlobalSection
EndGlobal
